
Microsoft Visual Studio Solution File, Format Version 12.00
# Visual Studio Version 16
VisualStudioVersion = 16.0.30804.86
MinimumVisualStudioVersion = 10.0.40219.1
Project("{FAE04EC0-301F-11D3-BF4B-00C04F79EFBC}") = "carv_1", "carv_1\carv_1.csproj", "{D2DEE4C2-8D28-4B55-BA7E-81AFEAB98DE8}"
EndProject
Project("{2150E333-8FDC-42A3-9474-1A3956D46DE8}") = "1.PresentationLayer", "1.PresentationLayer", "{46DB4908-4AD4-4874-A8CD-21EE3731AACF}"
EndProject
Project("{2150E333-8FDC-42A3-9474-1A3956D46DE8}") = "2.DataLayer", "2.DataLayer", "{E684837B-C80A-4C5E-9075-E1CFEAEE4DF3}"
EndProject
Project("{2150E333-8FDC-42A3-9474-1A3956D46DE8}") = "3.ModelLayer", "3.ModelLayer", "{8A094BAD-E7B4-4D4B-B45C-A6681D3542F4}"
EndProject
Project("{FAE04EC0-301F-11D3-BF4B-00C04F79EFBC}") = "DataClass", "DataClass\DataClass.csproj", "{41844F15-2CDB-4BD2-ADF5-C51101824521}"
EndProject
Project("{FAE04EC0-301F-11D3-BF4B-00C04F79EFBC}") = "ModelsClass", "ModelsClass\ModelsClass.csproj", "{282B5143-DA20-4417-A8EA-BA93975352FC}"
EndProject
Project("{2150E333-8FDC-42A3-9474-1A3956D46DE8}") = "UnitTesting", "UnitTesting", "{5AE55C0E-B3AB-4F85-A71A-F840785E74E4}"
EndProject
Project("{FAE04EC0-301F-11D3-BF4B-00C04F79EFBC}") = "AppTest", "AppTest\AppTest.csproj", "{29722D1F-7854-4B89-8A25-1318327690A3}"
EndProject
Global
	GlobalSection(SolutionConfigurationPlatforms) = preSolution
		Debug|Any CPU = Debug|Any CPU
		Debug|ARM = Debug|ARM
		Debug|ARM64 = Debug|ARM64
		Debug|x64 = Debug|x64
		Debug|x86 = Debug|x86
		Release|Any CPU = Release|Any CPU
		Release|ARM = Release|ARM
		Release|ARM64 = Release|ARM64
		Release|x64 = Release|x64
		Release|x86 = Release|x86
	EndGlobalSection
	GlobalSection(ProjectConfigurationPlatforms) = postSolution
		{D2DEE4C2-8D28-4B55-BA7E-81AFEAB98DE8}.Debug|Any CPU.ActiveCfg = Debug|Any CPU
		{D2DEE4C2-8D28-4B55-BA7E-81AFEAB98DE8}.Debug|Any CPU.Build.0 = Debug|Any CPU
		{D2DEE4C2-8D28-4B55-BA7E-81AFEAB98DE8}.Debug|ARM.ActiveCfg = Debug|Any CPU
		{D2DEE4C2-8D28-4B55-BA7E-81AFEAB98DE8}.Debug|ARM.Build.0 = Debug|Any CPU
		{D2DEE4C2-8D28-4B55-BA7E-81AFEAB98DE8}.Debug|ARM64.ActiveCfg = Debug|Any CPU
		{D2DEE4C2-8D28-4B55-BA7E-81AFEAB98DE8}.Debug|ARM64.Build.0 = Debug|Any CPU
		{D2DEE4C2-8D28-4B55-BA7E-81AFEAB98DE8}.Debug|x64.ActiveCfg = Debug|Any CPU
		{D2DEE4C2-8D28-4B55-BA7E-81AFEAB98DE8}.Debug|x64.Build.0 = Debug|Any CPU
		{D2DEE4C2-8D28-4B55-BA7E-81AFEAB98DE8}.Debug|x86.ActiveCfg = Debug|Any CPU
		{D2DEE4C2-8D28-4B55-BA7E-81AFEAB98DE8}.Debug|x86.Build.0 = Debug|Any CPU
		{D2DEE4C2-8D28-4B55-BA7E-81AFEAB98DE8}.Release|Any CPU.ActiveCfg = Release|Any CPU
		{D2DEE4C2-8D28-4B55-BA7E-81AFEAB98DE8}.Release|Any CPU.Build.0 = Release|Any CPU
		{D2DEE4C2-8D28-4B55-BA7E-81AFEAB98DE8}.Release|ARM.ActiveCfg = Release|Any CPU
		{D2DEE4C2-8D28-4B55-BA7E-81AFEAB98DE8}.Release|ARM.Build.0 = Release|Any CPU
		{D2DEE4C2-8D28-4B55-BA7E-81AFEAB98DE8}.Release|ARM64.ActiveCfg = Release|Any CPU
		{D2DEE4C2-8D28-4B55-BA7E-81AFEAB98DE8}.Release|ARM64.Build.0 = Release|Any CPU
		{D2DEE4C2-8D28-4B55-BA7E-81AFEAB98DE8}.Release|x64.ActiveCfg = Release|Any CPU
		{D2DEE4C2-8D28-4B55-BA7E-81AFEAB98DE8}.Release|x64.Build.0 = Release|Any CPU
		{D2DEE4C2-8D28-4B55-BA7E-81AFEAB98DE8}.Release|x86.ActiveCfg = Release|Any CPU
		{D2DEE4C2-8D28-4B55-BA7E-81AFEAB98DE8}.Release|x86.Build.0 = Release|Any CPU
		{41844F15-2CDB-4BD2-ADF5-C51101824521}.Debug|Any CPU.ActiveCfg = Debug|Any CPU
		{41844F15-2CDB-4BD2-ADF5-C51101824521}.Debug|Any CPU.Build.0 = Debug|Any CPU
		{41844F15-2CDB-4BD2-ADF5-C51101824521}.Debug|ARM.ActiveCfg = Debug|Any CPU
		{41844F15-2CDB-4BD2-ADF5-C51101824521}.Debug|ARM.Build.0 = Debug|Any CPU
		{41844F15-2CDB-4BD2-ADF5-C51101824521}.Debug|ARM64.ActiveCfg = Debug|Any CPU
		{41844F15-2CDB-4BD2-ADF5-C51101824521}.Debug|ARM64.Build.0 = Debug|Any CPU
		{41844F15-2CDB-4BD2-ADF5-C51101824521}.Debug|x64.ActiveCfg = Debug|Any CPU
		{41844F15-2CDB-4BD2-ADF5-C51101824521}.Debug|x64.Build.0 = Debug|Any CPU
		{41844F15-2CDB-4BD2-ADF5-C51101824521}.Debug|x86.ActiveCfg = Debug|Any CPU
		{41844F15-2CDB-4BD2-ADF5-C51101824521}.Debug|x86.Build.0 = Debug|Any CPU
		{41844F15-2CDB-4BD2-ADF5-C51101824521}.Release|Any CPU.ActiveCfg = Release|Any CPU
		{41844F15-2CDB-4BD2-ADF5-C51101824521}.Release|Any CPU.Build.0 = Release|Any CPU
		{41844F15-2CDB-4BD2-ADF5-C51101824521}.Release|ARM.ActiveCfg = Release|Any CPU
		{41844F15-2CDB-4BD2-ADF5-C51101824521}.Release|ARM.Build.0 = Release|Any CPU
		{41844F15-2CDB-4BD2-ADF5-C51101824521}.Release|ARM64.ActiveCfg = Release|Any CPU
		{41844F15-2CDB-4BD2-ADF5-C51101824521}.Release|ARM64.Build.0 = Release|Any CPU
		{41844F15-2CDB-4BD2-ADF5-C51101824521}.Release|x64.ActiveCfg = Release|Any CPU
		{41844F15-2CDB-4BD2-ADF5-C51101824521}.Release|x64.Build.0 = Release|Any CPU
		{41844F15-2CDB-4BD2-ADF5-C51101824521}.Release|x86.ActiveCfg = Release|Any CPU
		{41844F15-2CDB-4BD2-ADF5-C51101824521}.Release|x86.Build.0 = Release|Any CPU
		{282B5143-DA20-4417-A8EA-BA93975352FC}.Debug|Any CPU.ActiveCfg = Debug|Any CPU
		{282B5143-DA20-4417-A8EA-BA93975352FC}.Debug|Any CPU.Build.0 = Debug|Any CPU
		{282B5143-DA20-4417-A8EA-BA93975352FC}.Debug|ARM.ActiveCfg = Debug|Any CPU
		{282B5143-DA20-4417-A8EA-BA93975352FC}.Debug|ARM.Build.0 = Debug|Any CPU
		{282B5143-DA20-4417-A8EA-BA93975352FC}.Debug|ARM64.ActiveCfg = Debug|Any CPU
		{282B5143-DA20-4417-A8EA-BA93975352FC}.Debug|ARM64.Build.0 = Debug|Any CPU
		{282B5143-DA20-4417-A8EA-BA93975352FC}.Debug|x64.ActiveCfg = Debug|Any CPU
		{282B5143-DA20-4417-A8EA-BA93975352FC}.Debug|x64.Build.0 = Debug|Any CPU
		{282B5143-DA20-4417-A8EA-BA93975352FC}.Debug|x86.ActiveCfg = Debug|Any CPU
		{282B5143-DA20-4417-A8EA-BA93975352FC}.Debug|x86.Build.0 = Debug|Any CPU
		{282B5143-DA20-4417-A8EA-BA93975352FC}.Release|Any CPU.ActiveCfg = Release|Any CPU
		{282B5143-DA20-4417-A8EA-BA93975352FC}.Release|Any CPU.Build.0 = Release|Any CPU
		{282B5143-DA20-4417-A8EA-BA93975352FC}.Release|ARM.ActiveCfg = Release|Any CPU
		{282B5143-DA20-4417-A8EA-BA93975352FC}.Release|ARM.Build.0 = Release|Any CPU
		{282B5143-DA20-4417-A8EA-BA93975352FC}.Release|ARM64.ActiveCfg = Release|Any CPU
		{282B5143-DA20-4417-A8EA-BA93975352FC}.Release|ARM64.Build.0 = Release|Any CPU
		{282B5143-DA20-4417-A8EA-BA93975352FC}.Release|x64.ActiveCfg = Release|Any CPU
		{282B5143-DA20-4417-A8EA-BA93975352FC}.Release|x64.Build.0 = Release|Any CPU
		{282B5143-DA20-4417-A8EA-BA93975352FC}.Release|x86.ActiveCfg = Release|Any CPU
		{282B5143-DA20-4417-A8EA-BA93975352FC}.Release|x86.Build.0 = Release|Any CPU
		{29722D1F-7854-4B89-8A25-1318327690A3}.Debug|Any CPU.ActiveCfg = Debug|Any CPU
		{29722D1F-7854-4B89-8A25-1318327690A3}.Debug|Any CPU.Build.0 = Debug|Any CPU
		{29722D1F-7854-4B89-8A25-1318327690A3}.Debug|ARM.ActiveCfg = Debug|Any CPU
		{29722D1F-7854-4B89-8A25-1318327690A3}.Debug|ARM.Build.0 = Debug|Any CPU
		{29722D1F-7854-4B89-8A25-1318327690A3}.Debug|ARM64.ActiveCfg = Debug|Any CPU
		{29722D1F-7854-4B89-8A25-1318327690A3}.Debug|ARM64.Build.0 = Debug|Any CPU
		{29722D1F-7854-4B89-8A25-1318327690A3}.Debug|x64.ActiveCfg = Debug|Any CPU
		{29722D1F-7854-4B89-8A25-1318327690A3}.Debug|x64.Build.0 = Debug|Any CPU
		{29722D1F-7854-4B89-8A25-1318327690A3}.Debug|x86.ActiveCfg = Debug|Any CPU
		{29722D1F-7854-4B89-8A25-1318327690A3}.Debug|x86.Build.0 = Debug|Any CPU
		{29722D1F-7854-4B89-8A25-1318327690A3}.Release|Any CPU.ActiveCfg = Release|Any CPU
		{29722D1F-7854-4B89-8A25-1318327690A3}.Release|Any CPU.Build.0 = Release|Any CPU
		{29722D1F-7854-4B89-8A25-1318327690A3}.Release|ARM.ActiveCfg = Release|Any CPU
		{29722D1F-7854-4B89-8A25-1318327690A3}.Release|ARM.Build.0 = Release|Any CPU
		{29722D1F-7854-4B89-8A25-1318327690A3}.Release|ARM64.ActiveCfg = Release|Any CPU
		{29722D1F-7854-4B89-8A25-1318327690A3}.Release|ARM64.Build.0 = Release|Any CPU
		{29722D1F-7854-4B89-8A25-1318327690A3}.Release|x64.ActiveCfg = Release|Any CPU
		{29722D1F-7854-4B89-8A25-1318327690A3}.Release|x64.Build.0 = Release|Any CPU
		{29722D1F-7854-4B89-8A25-1318327690A3}.Release|x86.ActiveCfg = Release|Any CPU
		{29722D1F-7854-4B89-8A25-1318327690A3}.Release|x86.Build.0 = Release|Any CPU
	EndGlobalSection
	GlobalSection(SolutionProperties) = preSolution
		HideSolutionNode = FALSE
	EndGlobalSection
	GlobalSection(NestedProjects) = preSolution
		{D2DEE4C2-8D28-4B55-BA7E-81AFEAB98DE8} = {46DB4908-4AD4-4874-A8CD-21EE3731AACF}
		{41844F15-2CDB-4BD2-ADF5-C51101824521} = {E684837B-C80A-4C5E-9075-E1CFEAEE4DF3}
		{282B5143-DA20-4417-A8EA-BA93975352FC} = {8A094BAD-E7B4-4D4B-B45C-A6681D3542F4}
		{29722D1F-7854-4B89-8A25-1318327690A3} = {5AE55C0E-B3AB-4F85-A71A-F840785E74E4}
	EndGlobalSection
	GlobalSection(ExtensibilityGlobals) = postSolution
		SolutionGuid = {B91C795C-1759-44ED-B676-933FBC343EEB}
	EndGlobalSection
EndGlobal
